
Microsoft Visual Studio Solution File, Format Version 12.00
# Visual Studio Version 17
VisualStudioVersion = 17.14.36212.18 d17.14
MinimumVisualStudioVersion = 10.0.40219.1
Project("{FAE04EC0-301F-11D3-BF4B-00C04F79EFBC}") = "chat", "chat\chat.csproj", "{5BC67F6E-CC5C-4B3B-A203-EFA133933D95}"
EndProject
Global
	GlobalSection(SolutionConfigurationPlatforms) = preSolution
		Debug|Any CPU = Debug|Any CPU
		Release|Any CPU = Release|Any CPU
	EndGlobalSection
	GlobalSection(ProjectConfigurationPlatforms) = postSolution
		{5BC67F6E-CC5C-4B3B-A203-EFA133933D95}.Debug|Any CPU.ActiveCfg = Debug|Any CPU
		{5BC67F6E-CC5C-4B3B-A203-EFA133933D95}.Debug|Any CPU.Build.0 = Debug|Any CPU
		{5BC67F6E-CC5C-4B3B-A203-EFA133933D95}.Release|Any CPU.ActiveCfg = Release|Any CPU
		{5BC67F6E-CC5C-4B3B-A203-EFA133933D95}.Release|Any CPU.Build.0 = Release|Any CPU
	EndGlobalSection
	GlobalSection(SolutionProperties) = preSolution
		HideSolutionNode = FALSE
	EndGlobalSection
	GlobalSection(ExtensibilityGlobals) = postSolution
		SolutionGuid = {97C4EDB8-C438-43C0-BAB0-67A048522DE2}
	EndGlobalSection
EndGlobal
